
Microsoft Visual Studio Solution File, Format Version 12.00
Project("{FAE04EC0-301F-11D3-BF4B-00C04F79EFBC}") = "Engine", "Engine\Engine.csproj", "{53FB49B3-0B51-41CA-A439-5265BC669686}"
EndProject
Project("{FAE04EC0-301F-11D3-BF4B-00C04F79EFBC}") = "Core", "Core\Core.csproj", "{A4720012-3181-4AEF-BECE-93D0BCFE6634}"
EndProject
Project("{FAE04EC0-301F-11D3-BF4B-00C04F79EFBC}") = "Render", "Render\Render.csproj", "{0C52571F-E468-4979-8890-0BE6320A887E}"
EndProject
Global
	GlobalSection(SolutionConfigurationPlatforms) = preSolution
		Debug|Any CPU = Debug|Any CPU
		Release|Any CPU = Release|Any CPU
	EndGlobalSection
	GlobalSection(ProjectConfigurationPlatforms) = postSolution
		{53FB49B3-0B51-41CA-A439-5265BC669686}.Debug|Any CPU.ActiveCfg = Debug|Any CPU
		{53FB49B3-0B51-41CA-A439-5265BC669686}.Debug|Any CPU.Build.0 = Debug|Any CPU
		{53FB49B3-0B51-41CA-A439-5265BC669686}.Release|Any CPU.ActiveCfg = Release|Any CPU
		{53FB49B3-0B51-41CA-A439-5265BC669686}.Release|Any CPU.Build.0 = Release|Any CPU
		{A4720012-3181-4AEF-BECE-93D0BCFE6634}.Debug|Any CPU.ActiveCfg = Debug|Any CPU
		{A4720012-3181-4AEF-BECE-93D0BCFE6634}.Debug|Any CPU.Build.0 = Debug|Any CPU
		{A4720012-3181-4AEF-BECE-93D0BCFE6634}.Release|Any CPU.ActiveCfg = Release|Any CPU
		{A4720012-3181-4AEF-BECE-93D0BCFE6634}.Release|Any CPU.Build.0 = Release|Any CPU
		{0C52571F-E468-4979-8890-0BE6320A887E}.Debug|Any CPU.ActiveCfg = Debug|Any CPU
		{0C52571F-E468-4979-8890-0BE6320A887E}.Debug|Any CPU.Build.0 = Debug|Any CPU
		{0C52571F-E468-4979-8890-0BE6320A887E}.Release|Any CPU.ActiveCfg = Release|Any CPU
		{0C52571F-E468-4979-8890-0BE6320A887E}.Release|Any CPU.Build.0 = Release|Any CPU
	EndGlobalSection
EndGlobal
